
Microsoft Visual Studio Solution File, Format Version 12.00
# Visual Studio 14
VisualStudioVersion = 14.0.25420.1
MinimumVisualStudioVersion = 10.0.40219.1
Project("{FAE04EC0-301F-11D3-BF4B-00C04F79EFBC}") = "Game", "Game\Game.csproj", "{DA20DDFE-8B7A-4018-9F97-FF717AFDDA97}"
EndProject
Project("{FAE04EC0-301F-11D3-BF4B-00C04F79EFBC}") = "Tests", "Tests\Tests.csproj", "{3388ABD4-2653-49BF-BF29-8C824BF362C9}"
EndProject
Global
	GlobalSection(SolutionConfigurationPlatforms) = preSolution
		Debug|Any CPU = Debug|Any CPU
		Debug|x86 = Debug|x86
		Release|Any CPU = Release|Any CPU
		Release|x86 = Release|x86
	EndGlobalSection
	GlobalSection(ProjectConfigurationPlatforms) = postSolution
		{DA20DDFE-8B7A-4018-9F97-FF717AFDDA97}.Debug|Any CPU.ActiveCfg = Debug|Any CPU
		{DA20DDFE-8B7A-4018-9F97-FF717AFDDA97}.Debug|Any CPU.Build.0 = Debug|Any CPU
		{DA20DDFE-8B7A-4018-9F97-FF717AFDDA97}.Debug|x86.ActiveCfg = Debug|Any CPU
		{DA20DDFE-8B7A-4018-9F97-FF717AFDDA97}.Debug|x86.Build.0 = Debug|Any CPU
		{DA20DDFE-8B7A-4018-9F97-FF717AFDDA97}.Release|Any CPU.ActiveCfg = Release|Any CPU
		{DA20DDFE-8B7A-4018-9F97-FF717AFDDA97}.Release|Any CPU.Build.0 = Release|Any CPU
		{DA20DDFE-8B7A-4018-9F97-FF717AFDDA97}.Release|x86.ActiveCfg = Release|Any CPU
		{DA20DDFE-8B7A-4018-9F97-FF717AFDDA97}.Release|x86.Build.0 = Release|Any CPU
		{3388ABD4-2653-49BF-BF29-8C824BF362C9}.Debug|Any CPU.ActiveCfg = Debug|Any CPU
		{3388ABD4-2653-49BF-BF29-8C824BF362C9}.Debug|Any CPU.Build.0 = Debug|Any CPU
		{3388ABD4-2653-49BF-BF29-8C824BF362C9}.Debug|x86.ActiveCfg = Debug|Any CPU
		{3388ABD4-2653-49BF-BF29-8C824BF362C9}.Debug|x86.Build.0 = Debug|Any CPU
		{3388ABD4-2653-49BF-BF29-8C824BF362C9}.Release|Any CPU.ActiveCfg = Release|Any CPU
		{3388ABD4-2653-49BF-BF29-8C824BF362C9}.Release|Any CPU.Build.0 = Release|Any CPU
		{3388ABD4-2653-49BF-BF29-8C824BF362C9}.Release|x86.ActiveCfg = Release|Any CPU
		{3388ABD4-2653-49BF-BF29-8C824BF362C9}.Release|x86.Build.0 = Release|Any CPU
	EndGlobalSection
	GlobalSection(SolutionProperties) = preSolution
		HideSolutionNode = FALSE
	EndGlobalSection
EndGlobal
